Microsoft Visual Studio Solution File, Format Version 12.00
# Visual Studio Version 17
VisualStudioVersion = 17.5.2.0
MinimumVisualStudioVersion = 10.0.40219.1
Project("{FAE04EC0-301F-11D3-BF4B-00C04F79EFBC}") = "Monitech.API", "Monitech.API.csproj", "{09C8E96B-0B81-03FE-B3AE-D56408A6D1A7}"
EndProject
Global
	GlobalSection(SolutionConfigurationPlatforms) = preSolution
		Debug|Any CPU = Debug|Any CPU
		Release|Any CPU = Release|Any CPU
	EndGlobalSection
	GlobalSection(ProjectConfigurationPlatforms) = postSolution
		{09C8E96B-0B81-03FE-B3AE-D56408A6D1A7}.Debug|Any CPU.ActiveCfg = Debug|Any CPU
		{09C8E96B-0B81-03FE-B3AE-D56408A6D1A7}.Debug|Any CPU.Build.0 = Debug|Any CPU
		{09C8E96B-0B81-03FE-B3AE-D56408A6D1A7}.Release|Any CPU.ActiveCfg = Release|Any CPU
		{09C8E96B-0B81-03FE-B3AE-D56408A6D1A7}.Release|Any CPU.Build.0 = Release|Any CPU
	EndGlobalSection
	GlobalSection(SolutionProperties) = preSolution
		HideSolutionNode = FALSE
	EndGlobalSection
	GlobalSection(ExtensibilityGlobals) = postSolution
		SolutionGuid = {35AAAE9A-0694-4988-AA56-2B409AAB82CF}
	EndGlobalSection
EndGlobal
